speakeasyVersion: 1.787.0
sources:
    Latitude.sh API:
        sourceNamespace: latitude-sh-api
        sourceRevisionDigest: sha256:bef77636307f9c41053be0823104aebf87c6ca748fc0b9b23246f6f917add34f
        sourceBlobDigest: sha256:3edbab0cbe6accf155a80372a8992daaba27f4be040171211039c41610cffc47
        tags:
            - latest
            - "2023-06-01"
targets:
    latitudesh:
        source: Latitude.sh API
        sourceNamespace: latitude-sh-api
        sourceRevisionDigest: sha256:bef77636307f9c41053be0823104aebf87c6ca748fc0b9b23246f6f917add34f
        sourceBlobDigest: sha256:3edbab0cbe6accf155a80372a8992daaba27f4be040171211039c41610cffc47
        codeSamplesNamespace: latitude-sh-api-python-code-samples
        codeSamplesRevisionDigest: sha256:2a5a4113904464d9a858f924379a9992d61098ef692731da6e565575a8a59c9e
workflow:
    workflowVersion: 1.0.0
    speakeasyVersion: latest
    sources:
        Latitude.sh API:
            inputs:
                - location: https://api.latitude.sh/api-docs/v3/swagger.json
            overlays:
                - location: .speakeasy/speakeasy-modifications-overlay.yaml
            registry:
                location: registry.speakeasyapi.dev/latitude/latitude/latitude-sh-api
    targets:
        latitudesh:
            target: python
            source: Latitude.sh API
            publish:
                pypi:
                    token: $pypi_token
            codeSamples:
                registry:
                    location: registry.speakeasyapi.dev/latitude/latitude/latitude-sh-api-python-code-samples
                labelOverride:
                    fixedValue: Python (SDK)
                blocking: false
