speakeasyVersion: 1.676.1
sources:
    Latitude.sh API:
        sourceNamespace: latitude-sh-api
        sourceRevisionDigest: sha256:9de6d1b52f847306a74125cbf279dae7f93187f2f75e6035af3ff7b7b1234355
        sourceBlobDigest: sha256:9312174d23cec574ab144a9c4d164ad5929f95d9d9dd7c999012231077f198ce
        tags:
            - latest
            - speakeasy-sdk-regen-1764980235
            - "2023-06-01"
targets:
    latitudesh:
        source: Latitude.sh API
        sourceNamespace: latitude-sh-api
        sourceRevisionDigest: sha256:9de6d1b52f847306a74125cbf279dae7f93187f2f75e6035af3ff7b7b1234355
        sourceBlobDigest: sha256:9312174d23cec574ab144a9c4d164ad5929f95d9d9dd7c999012231077f198ce
        codeSamplesNamespace: latitude-sh-api-python-code-samples
        codeSamplesRevisionDigest: sha256:328815300d202ce393ff500082f7a79b6e49eb76f781f1d627bb7011af76ac0c
workflow:
    workflowVersion: 1.0.0
    speakeasyVersion: latest
    sources:
        Latitude.sh API:
            inputs:
                - location: https://api.latitude.sh/api-docs/v3/swagger.json
            overlays:
                - location: .speakeasy/speakeasy-modifications-overlay.yaml
            registry:
                location: registry.speakeasyapi.dev/latitude/latitude/latitude-sh-api
    targets:
        latitudesh:
            target: python
            source: Latitude.sh API
            publish:
                pypi:
                    token: $pypi_token
            codeSamples:
                registry:
                    location: registry.speakeasyapi.dev/latitude/latitude/latitude-sh-api-python-code-samples
                labelOverride:
                    fixedValue: Python (SDK)
                blocking: false
