speakeasyVersion: 1.575.5
sources:
    Latitude.sh API:
        sourceNamespace: latitude-sh-api
        sourceRevisionDigest: sha256:a90c7ac73373fb262b8a1f6b8acf1919c054f28521865747d7ca771781374800
        sourceBlobDigest: sha256:155faab68892cf3bebdc51fad204765a1cc4091c3f7df38e4b54599b0dfadb6f
        tags:
            - latest
            - speakeasy-sdk-regen-1751501886
            - "2023-06-01"
targets:
    latitudesh:
        source: Latitude.sh API
        sourceNamespace: latitude-sh-api
        sourceRevisionDigest: sha256:a90c7ac73373fb262b8a1f6b8acf1919c054f28521865747d7ca771781374800
        sourceBlobDigest: sha256:155faab68892cf3bebdc51fad204765a1cc4091c3f7df38e4b54599b0dfadb6f
        codeSamplesNamespace: latitude-sh-api-python-code-samples
        codeSamplesRevisionDigest: sha256:0376ba13c2974edb1b33d4ecca7ac34f12964a097130afb180cb2df9f6d255aa
workflow:
    workflowVersion: 1.0.0
    speakeasyVersion: latest
    sources:
        Latitude.sh API:
            inputs:
                - location: https://api.latitude.sh/api-docs/v3/swagger.json
            overlays:
                - location: .speakeasy/speakeasy-modifications-overlay.yaml
            registry:
                location: registry.speakeasyapi.dev/latitude/latitude/latitude-sh-api
    targets:
        latitudesh:
            target: python
            source: Latitude.sh API
            publish:
                pypi:
                    token: $pypi_token
            codeSamples:
                registry:
                    location: registry.speakeasyapi.dev/latitude/latitude/latitude-sh-api-python-code-samples
                labelOverride:
                    fixedValue: Python (SDK)
                blocking: false
